Microsoft Visual Studio Solution File, Format Version 11.00
# Visual Studio 2008

Project("{8A8071F4-8FC6-0CAF-3920-57F3CC479DFC}") = "NanashiProject", "Assembly-CSharp.csproj", "{F3203D33-6BE7-A20A-DC54-D63729E5F12B}"
EndProject
Global
	GlobalSection(SolutionConfigurationPlatforms) = preSolution
		Debug|Any CPU = Debug|Any CPU
		Release|Any CPU = Release|Any CPU
	EndGlobalSection
	GlobalSection(ProjectConfigurationPlatforms) = postSolution
		{F3203D33-6BE7-A20A-DC54-D63729E5F12B}.Debug|Any CPU.ActiveCfg = Debug|Any CPU
		{F3203D33-6BE7-A20A-DC54-D63729E5F12B}.Debug|Any CPU.Build.0 = Debug|Any CPU
		{F3203D33-6BE7-A20A-DC54-D63729E5F12B}.Release|Any CPU.ActiveCfg = Release|Any CPU
		{F3203D33-6BE7-A20A-DC54-D63729E5F12B}.Release|Any CPU.Build.0 = Release|Any CPU
	EndGlobalSection
	GlobalSection(SolutionProperties) = preSolution
		HideSolutionNode = FALSE
	EndGlobalSection
	GlobalSection(MonoDevelopProperties) = preSolution
		StartupItem = Assembly-CSharp.csproj
	EndGlobalSection
EndGlobal
